
Microsoft Visual Studio Solution File, Format Version 12.00
# Visual Studio 2013
VisualStudioVersion = 12.0.21005.1
MinimumVisualStudioVersion = 10.0.40219.1
Project("{8BC9CEB8-8B4A-11D0-8D11-00A0C91BC942}") = "ZEGL", "ZEGL\ZEGL.vcxproj", "{A29F7C60-F626-4503-BF8B-36673E1830CE}"
EndProject
Project("{8BC9CEB8-8B4A-11D0-8D11-00A0C91BC942}") = "Example", "Example\Example.vcxproj", "{CCA24DBF-ABEA-4771-A777-9909F5395CBA}"
	ProjectSection(ProjectDependencies) = postProject
		{A29F7C60-F626-4503-BF8B-36673E1830CE} = {A29F7C60-F626-4503-BF8B-36673E1830CE}
	EndProjectSection
EndProject
Global
	GlobalSection(SolutionConfigurationPlatforms) = preSolution
		Debug|Win32 = Debug|Win32
		Release|Win32 = Release|Win32
	EndGlobalSection
	GlobalSection(ProjectConfigurationPlatforms) = postSolution
		{A29F7C60-F626-4503-BF8B-36673E1830CE}.Debug|Win32.ActiveCfg = Debug|Win32
		{A29F7C60-F626-4503-BF8B-36673E1830CE}.Debug|Win32.Build.0 = Debug|Win32
		{A29F7C60-F626-4503-BF8B-36673E1830CE}.Release|Win32.ActiveCfg = Release|Win32
		{A29F7C60-F626-4503-BF8B-36673E1830CE}.Release|Win32.Build.0 = Release|Win32
		{CCA24DBF-ABEA-4771-A777-9909F5395CBA}.Debug|Win32.ActiveCfg = Debug|Win32
		{CCA24DBF-ABEA-4771-A777-9909F5395CBA}.Debug|Win32.Build.0 = Debug|Win32
		{CCA24DBF-ABEA-4771-A777-9909F5395CBA}.Release|Win32.ActiveCfg = Release|Win32
		{CCA24DBF-ABEA-4771-A777-9909F5395CBA}.Release|Win32.Build.0 = Release|Win32
	EndGlobalSection
	GlobalSection(SolutionProperties) = preSolution
		HideSolutionNode = FALSE
	EndGlobalSection
EndGlobal
