// !$*UTF8*$!
{
	archiveVersion = 1;
	classes = {
	};
	objectVersion = 46;
	objects = {

/* Begin PBXBuildFile section */
		744FDAC019F5455B00D40A41 /* libGLEW.1.11.0.dylib in Frameworks */ = {isa = PBXBuildFile; fileRef = 744FDABF19F5455B00D40A41 /* libGLEW.1.11.0.dylib */; };
		74841B2719ED47050096AF82 /* stb_image.c in Sources */ = {isa = PBXBuildFile; fileRef = 74841B1C19ED47050096AF82 /* stb_image.c */; };
		74841B2819ED47050096AF82 /* camera.cpp in Sources */ = {isa = PBXBuildFile; fileRef = 74841B1D19ED47050096AF82 /* camera.cpp */; };
		74841B2919ED47050096AF82 /* core.cpp in Sources */ = {isa = PBXBuildFile; fileRef = 74841B1E19ED47050096AF82 /* core.cpp */; };
		74841B2A19ED47050096AF82 /* game.cpp in Sources */ = {isa = PBXBuildFile; fileRef = 74841B1F19ED47050096AF82 /* game.cpp */; };
		74841B2B19ED47050096AF82 /* input.cpp in Sources */ = {isa = PBXBuildFile; fileRef = 74841B2019ED47050096AF82 /* input.cpp */; };
		74841B2C19ED47050096AF82 /* logfile.cpp in Sources */ = {isa = PBXBuildFile; fileRef = 74841B2119ED47050096AF82 /* logfile.cpp */; };
		74841B2D19ED47050096AF82 /* shader.cpp in Sources */ = {isa = PBXBuildFile; fileRef = 74841B2219ED47050096AF82 /* shader.cpp */; };
		74841B2E19ED47050096AF82 /* texture.cpp in Sources */ = {isa = PBXBuildFile; fileRef = 74841B2319ED47050096AF82 /* texture.cpp */; };
		74841B2F19ED47050096AF82 /* timing.cpp in Sources */ = {isa = PBXBuildFile; fileRef = 74841B2419ED47050096AF82 /* timing.cpp */; };
		74841B3019ED47050096AF82 /* util.cpp in Sources */ = {isa = PBXBuildFile; fileRef = 74841B2519ED47050096AF82 /* util.cpp */; };
		74841B3119ED47050096AF82 /* window.cpp in Sources */ = {isa = PBXBuildFile; fileRef = 74841B2619ED47050096AF82 /* window.cpp */; };
		74841B5119ED66470096AF82 /* OpenGL.framework in Frameworks */ = {isa = PBXBuildFile; fileRef = 74841B4D19ED5B870096AF82 /* OpenGL.framework */; };
		74841B5519ED6A150096AF82 /* ambient_shader_fs.glsl in CopyFiles */ = {isa = PBXBuildFile; fileRef = 74841B3419ED48E40096AF82 /* ambient_shader_fs.glsl */; };
		74841B5619ED6A150096AF82 /* ambient_shader_vs.glsl in CopyFiles */ = {isa = PBXBuildFile; fileRef = 74841B3519ED48E40096AF82 /* ambient_shader_vs.glsl */; };
		74841B5719ED6A150096AF82 /* basic_shader_fs.glsl in CopyFiles */ = {isa = PBXBuildFile; fileRef = 74841B3619ED48E40096AF82 /* basic_shader_fs.glsl */; };
		74841B5819ED6A150096AF82 /* basic_shader_vs.glsl in CopyFiles */ = {isa = PBXBuildFile; fileRef = 74841B3719ED48E40096AF82 /* basic_shader_vs.glsl */; };
		74841B5919ED6A150096AF82 /* point_light_fs.glsl in CopyFiles */ = {isa = PBXBuildFile; fileRef = 74841B3819ED48E40096AF82 /* point_light_fs.glsl */; };
		74841B5A19ED6A150096AF82 /* point_light_vs.glsl in CopyFiles */ = {isa = PBXBuildFile; fileRef = 74841B3919ED48E40096AF82 /* point_light_vs.glsl */; };
		74841B5C19ED6A300096AF82 /* black.png in CopyFiles */ = {isa = PBXBuildFile; fileRef = 74841B3B19ED48E40096AF82 /* black.png */; };
		74841B5D19ED6A300096AF82 /* default_normal.jpg in CopyFiles */ = {isa = PBXBuildFile; fileRef = 74841B3C19ED48E40096AF82 /* default_normal.jpg */; };
		74841B5E19ED6A300096AF82 /* defaultTexture.png in CopyFiles */ = {isa = PBXBuildFile; fileRef = 74841B3D19ED48E40096AF82 /* defaultTexture.png */; };
		74841B5F19ED6A300096AF82 /* rock.png in CopyFiles */ = {isa = PBXBuildFile; fileRef = 74841B3E19ED48E40096AF82 /* rock.png */; };
		74841B6019ED6A300096AF82 /* rock_n.png in CopyFiles */ = {isa = PBXBuildFile; fileRef = 74841B3F19ED48E40096AF82 /* rock_n.png */; };
		74841B6119ED6A300096AF82 /* white.png in CopyFiles */ = {isa = PBXBuildFile; fileRef = 74841B4019ED48E40096AF82 /* white.png */; };
		74841B6219ED72F50096AF82 /* Cocoa.framework in Frameworks */ = {isa = PBXBuildFile; fileRef = 74841AFC19ED460F0096AF82 /* Cocoa.framework */; };
		7491858319F46EF900DDB9EC /* SDL2.framework in Frameworks */ = {isa = PBXBuildFile; fileRef = 7491858219F46EF900DDB9EC /* SDL2.framework */; };
		74C98A1419F56B69006ED472 /* ZEGL-Info.plist in Resources */ = {isa = PBXBuildFile; fileRef = 74C98A1319F56B69006ED472 /* ZEGL-Info.plist */; };
		74C98A1619F56D1E006ED472 /* main.cpp in Sources */ = {isa = PBXBuildFile; fileRef = 74C98A1519F56D1E006ED472 /* main.cpp */; };
/* End PBXBuildFile section */

/* Begin PBXCopyFilesBuildPhase section */
		74841AF719ED460F0096AF82 /* CopyFiles */ = {
			isa = PBXCopyFilesBuildPhase;
			buildActionMask = 2147483647;
			dstSubfolderSpec = 10;
			files = (
			);
			runOnlyForDeploymentPostprocessing = 1;
		};
		74841B5419ED69E20096AF82 /* CopyFiles */ = {
			isa = PBXCopyFilesBuildPhase;
			buildActionMask = 2147483647;
			dstPath = res/shaders;
			dstSubfolderSpec = 7;
			files = (
				74841B5519ED6A150096AF82 /* ambient_shader_fs.glsl in CopyFiles */,
				74841B5619ED6A150096AF82 /* ambient_shader_vs.glsl in CopyFiles */,
				74841B5719ED6A150096AF82 /* basic_shader_fs.glsl in CopyFiles */,
				74841B5819ED6A150096AF82 /* basic_shader_vs.glsl in CopyFiles */,
				74841B5919ED6A150096AF82 /* point_light_fs.glsl in CopyFiles */,
				74841B5A19ED6A150096AF82 /* point_light_vs.glsl in CopyFiles */,
			);
			runOnlyForDeploymentPostprocessing = 0;
		};
		74841B5B19ED6A1E0096AF82 /* CopyFiles */ = {
			isa = PBXCopyFilesBuildPhase;
			buildActionMask = 2147483647;
			dstPath = res/textures;
			dstSubfolderSpec = 7;
			files = (
				74841B5C19ED6A300096AF82 /* black.png in CopyFiles */,
				74841B5D19ED6A300096AF82 /* default_normal.jpg in CopyFiles */,
				74841B5E19ED6A300096AF82 /* defaultTexture.png in CopyFiles */,
				74841B5F19ED6A300096AF82 /* rock.png in CopyFiles */,
				74841B6019ED6A300096AF82 /* rock_n.png in CopyFiles */,
				74841B6119ED6A300096AF82 /* white.png in CopyFiles */,
			);
			runOnlyForDeploymentPostprocessing = 0;
		};
/* End PBXCopyFilesBuildPhase section */

/* Begin PBXFileReference section */
		744FDABF19F5455B00D40A41 /* libGLEW.1.11.0.dylib */ = {isa = PBXFileReference; lastKnownFileType = "compiled.mach-o.dylib"; name = libGLEW.1.11.0.dylib; path = ZEGL/lib/libGLEW.1.11.0.dylib; sourceTree = "<group>"; };
		74841AF919ED460F0096AF82 /* ZEGL.app */ = {isa = PBXFileReference; explicitFileType = wrapper.application; includeInIndex = 0; path = ZEGL.app; sourceTree = BUILT_PRODUCTS_DIR; };
		74841AFC19ED460F0096AF82 /* Cocoa.framework */ = {isa = PBXFileReference; lastKnownFileType = wrapper.framework; name = Cocoa.framework; path = System/Library/Frameworks/Cocoa.framework; sourceTree = SDKROOT; };
		74841B0D19ED46EF0096AF82 /* camera.h */ = {isa = PBXFileReference; fileEncoding = 4; lastKnownFileType = sourcecode.c.h; name = camera.h; path = include/camera.h; sourceTree = "<group>"; };
		74841B0E19ED46EF0096AF82 /* core.h */ = {isa = PBXFileReference; fileEncoding = 4; lastKnownFileType = sourcecode.c.h; name = core.h; path = include/core.h; sourceTree = "<group>"; };
		74841B0F19ED46EF0096AF82 /* entity.h */ = {isa = PBXFileReference; fileEncoding = 4; lastKnownFileType = sourcecode.c.h; name = entity.h; path = include/entity.h; sourceTree = "<group>"; };
		74841B1019ED46EF0096AF82 /* game.h */ = {isa = PBXFileReference; fileEncoding = 4; lastKnownFileType = sourcecode.c.h; name = game.h; path = include/game.h; sourceTree = "<group>"; };
		74841B1119ED46EF0096AF82 /* input.h */ = {isa = PBXFileReference; fileEncoding = 4; lastKnownFileType = sourcecode.c.h; name = input.h; path = include/input.h; sourceTree = "<group>"; };
		74841B1319ED46EF0096AF82 /* logfile.h */ = {isa = PBXFileReference; fileEncoding = 4; lastKnownFileType = sourcecode.c.h; name = logfile.h; path = include/logfile.h; sourceTree = "<group>"; };
		74841B1419ED46EF0096AF82 /* mymath.h */ = {isa = PBXFileReference; fileEncoding = 4; lastKnownFileType = sourcecode.c.h; name = mymath.h; path = include/mymath.h; sourceTree = "<group>"; };
		74841B1519ED46EF0096AF82 /* referencecounter.h */ = {isa = PBXFileReference; fileEncoding = 4; lastKnownFileType = sourcecode.c.h; name = referencecounter.h; path = include/referencecounter.h; sourceTree = "<group>"; };
		74841B1619ED46EF0096AF82 /* shader.h */ = {isa = PBXFileReference; fileEncoding = 4; lastKnownFileType = sourcecode.c.h; name = shader.h; path = include/shader.h; sourceTree = "<group>"; };
		74841B1719ED46EF0096AF82 /* stb_image.h */ = {isa = PBXFileReference; fileEncoding = 4; lastKnownFileType = sourcecode.c.h; name = stb_image.h; path = include/stb_image.h; sourceTree = "<group>"; };
		74841B1819ED46EF0096AF82 /* texture.h */ = {isa = PBXFileReference; fileEncoding = 4; lastKnownFileType = sourcecode.c.h; name = texture.h; path = include/texture.h; sourceTree = "<group>"; };
		74841B1919ED46EF0096AF82 /* timing.h */ = {isa = PBXFileReference; fileEncoding = 4; lastKnownFileType = sourcecode.c.h; name = timing.h; path = include/timing.h; sourceTree = "<group>"; };
		74841B1A19ED46EF0096AF82 /* util.h */ = {isa = PBXFileReference; fileEncoding = 4; lastKnownFileType = sourcecode.c.h; name = util.h; path = include/util.h; sourceTree = "<group>"; };
		74841B1B19ED46EF0096AF82 /* window.h */ = {isa = PBXFileReference; fileEncoding = 4; lastKnownFileType = sourcecode.c.h; name = window.h; path = include/window.h; sourceTree = "<group>"; };
		74841B1C19ED47050096AF82 /* stb_image.c */ = {isa = PBXFileReference; fileEncoding = 4; lastKnownFileType = sourcecode.c.c; name = stb_image.c; path = src/stb_image.c; sourceTree = "<group>"; };
		74841B1D19ED47050096AF82 /* camera.cpp */ = {isa = PBXFileReference; fileEncoding = 4; lastKnownFileType = sourcecode.cpp.cpp; name = camera.cpp; path = src/camera.cpp; sourceTree = "<group>"; };
		74841B1E19ED47050096AF82 /* core.cpp */ = {isa = PBXFileReference; fileEncoding = 4; lastKnownFileType = sourcecode.cpp.cpp; name = core.cpp; path = src/core.cpp; sourceTree = "<group>"; };
		74841B1F19ED47050096AF82 /* game.cpp */ = {isa = PBXFileReference; fileEncoding = 4; lastKnownFileType = sourcecode.cpp.cpp; name = game.cpp; path = src/game.cpp; sourceTree = "<group>"; };
		74841B2019ED47050096AF82 /* input.cpp */ = {isa = PBXFileReference; fileEncoding = 4; lastKnownFileType = sourcecode.cpp.cpp; name = input.cpp; path = src/input.cpp; sourceTree = "<group>"; };
		74841B2119ED47050096AF82 /* logfile.cpp */ = {isa = PBXFileReference; fileEncoding = 4; lastKnownFileType = sourcecode.cpp.cpp; name = logfile.cpp; path = src/logfile.cpp; sourceTree = "<group>"; };
		74841B2219ED47050096AF82 /* shader.cpp */ = {isa = PBXFileReference; fileEncoding = 4; lastKnownFileType = sourcecode.cpp.cpp; name = shader.cpp; path = src/shader.cpp; sourceTree = "<group>"; };
		74841B2319ED47050096AF82 /* texture.cpp */ = {isa = PBXFileReference; fileEncoding = 4; lastKnownFileType = sourcecode.cpp.cpp; name = texture.cpp; path = src/texture.cpp; sourceTree = "<group>"; };
		74841B2419ED47050096AF82 /* timing.cpp */ = {isa = PBXFileReference; fileEncoding = 4; lastKnownFileType = sourcecode.cpp.cpp; name = timing.cpp; path = src/timing.cpp; sourceTree = "<group>"; };
		74841B2519ED47050096AF82 /* util.cpp */ = {isa = PBXFileReference; fileEncoding = 4; lastKnownFileType = sourcecode.cpp.cpp; name = util.cpp; path = src/util.cpp; sourceTree = "<group>"; };
		74841B2619ED47050096AF82 /* window.cpp */ = {isa = PBXFileReference; fileEncoding = 4; lastKnownFileType = sourcecode.cpp.cpp; name = window.cpp; path = src/window.cpp; sourceTree = "<group>"; };
		74841B3419ED48E40096AF82 /* ambient_shader_fs.glsl */ = {isa = PBXFileReference; fileEncoding = 4; lastKnownFileType = text; path = ambient_shader_fs.glsl; sourceTree = "<group>"; };
		74841B3519ED48E40096AF82 /* ambient_shader_vs.glsl */ = {isa = PBXFileReference; fileEncoding = 4; lastKnownFileType = text; path = ambient_shader_vs.glsl; sourceTree = "<group>"; };
		74841B3619ED48E40096AF82 /* basic_shader_fs.glsl */ = {isa = PBXFileReference; fileEncoding = 4; lastKnownFileType = text; path = basic_shader_fs.glsl; sourceTree = "<group>"; };
		74841B3719ED48E40096AF82 /* basic_shader_vs.glsl */ = {isa = PBXFileReference; fileEncoding = 4; lastKnownFileType = text; path = basic_shader_vs.glsl; sourceTree = "<group>"; };
		74841B3819ED48E40096AF82 /* point_light_fs.glsl */ = {isa = PBXFileReference; fileEncoding = 4; lastKnownFileType = text; path = point_light_fs.glsl; sourceTree = "<group>"; };
		74841B3919ED48E40096AF82 /* point_light_vs.glsl */ = {isa = PBXFileReference; fileEncoding = 4; lastKnownFileType = text; path = point_light_vs.glsl; sourceTree = "<group>"; };
		74841B3B19ED48E40096AF82 /* black.png */ = {isa = PBXFileReference; lastKnownFileType = image.png; path = black.png; sourceTree = "<group>"; };
		74841B3C19ED48E40096AF82 /* default_normal.jpg */ = {isa = PBXFileReference; lastKnownFileType = image.jpeg; path = default_normal.jpg; sourceTree = "<group>"; };
		74841B3D19ED48E40096AF82 /* defaultTexture.png */ = {isa = PBXFileReference; lastKnownFileType = image.png; path = defaultTexture.png; sourceTree = "<group>"; };
		74841B3E19ED48E40096AF82 /* rock.png */ = {isa = PBXFileReference; lastKnownFileType = image.png; path = rock.png; sourceTree = "<group>"; };
		74841B3F19ED48E40096AF82 /* rock_n.png */ = {isa = PBXFileReference; lastKnownFileType = image.png; path = rock_n.png; sourceTree = "<group>"; };
		74841B4019ED48E40096AF82 /* white.png */ = {isa = PBXFileReference; lastKnownFileType = image.png; path = white.png; sourceTree = "<group>"; };
		74841B4D19ED5B870096AF82 /* OpenGL.framework */ = {isa = PBXFileReference; lastKnownFileType = wrapper.framework; name = OpenGL.framework; path = System/Library/Frameworks/OpenGL.framework; sourceTree = SDKROOT; };
		7491858119F4500F00DDB9EC /* light.h */ = {isa = PBXFileReference; lastKnownFileType = sourcecode.c.h; name = light.h; path = include/light.h; sourceTree = "<group>"; };
		7491858219F46EF900DDB9EC /* SDL2.framework */ = {isa = PBXFileReference; lastKnownFileType = wrapper.framework; name = SDL2.framework; path = ZEGL/include/SDL2.framework; sourceTree = "<group>"; };
		74C98A1319F56B69006ED472 /* ZEGL-Info.plist */ = {isa = PBXFileReference; fileEncoding = 4; lastKnownFileType = text.plist.xml; path = "ZEGL-Info.plist"; sourceTree = "<group>"; };
		74C98A1519F56D1E006ED472 /* main.cpp */ = {isa = PBXFileReference; fileEncoding = 4; lastKnownFileType = sourcecode.cpp.cpp; name = main.cpp; path = src/main.cpp; sourceTree = "<group>"; };
		74C98A1719F56D36006ED472 /* tilemap.h */ = {isa = PBXFileReference; lastKnownFileType = sourcecode.c.h; name = tilemap.h; path = include/tilemap.h; sourceTree = "<group>"; };
/* End PBXFileReference section */

/* Begin PBXFrameworksBuildPhase section */
		74841AF519ED460F0096AF82 /* Frameworks */ = {
			isa = PBXFrameworksBuildPhase;
			buildActionMask = 2147483647;
			files = (
				744FDAC019F5455B00D40A41 /* libGLEW.1.11.0.dylib in Frameworks */,
				74841B6219ED72F50096AF82 /* Cocoa.framework in Frameworks */,
				74841B5119ED66470096AF82 /* OpenGL.framework in Frameworks */,
				7491858319F46EF900DDB9EC /* SDL2.framework in Frameworks */,
			);
			runOnlyForDeploymentPostprocessing = 0;
		};
/* End PBXFrameworksBuildPhase section */

/* Begin PBXGroup section */
		74841AEF19ED460F0096AF82 = {
			isa = PBXGroup;
			children = (
				74841B0019ED460F0096AF82 /* ZEGL */,
				74841AFB19ED460F0096AF82 /* Frameworks */,
				74841AFA19ED460F0096AF82 /* Products */,
			);
			sourceTree = "<group>";
		};
		74841AFA19ED460F0096AF82 /* Products */ = {
			isa = PBXGroup;
			children = (
				74841AF919ED460F0096AF82 /* ZEGL.app */,
			);
			name = Products;
			sourceTree = "<group>";
		};
		74841AFB19ED460F0096AF82 /* Frameworks */ = {
			isa = PBXGroup;
			children = (
				744FDABF19F5455B00D40A41 /* libGLEW.1.11.0.dylib */,
				7491858219F46EF900DDB9EC /* SDL2.framework */,
				74841B4D19ED5B870096AF82 /* OpenGL.framework */,
				74841AFC19ED460F0096AF82 /* Cocoa.framework */,
			);
			name = Frameworks;
			sourceTree = "<group>";
		};
		74841B0019ED460F0096AF82 /* ZEGL */ = {
			isa = PBXGroup;
			children = (
				74C98A1219F56B4B006ED472 /* Supporting Files */,
				74841B3219ED48E40096AF82 /* res */,
				74841B0319ED460F0096AF82 /* include */,
				74841B0519ED460F0096AF82 /* src */,
			);
			path = ZEGL;
			sourceTree = "<group>";
		};
		74841B0319ED460F0096AF82 /* include */ = {
			isa = PBXGroup;
			children = (
				74C98A1719F56D36006ED472 /* tilemap.h */,
				7491858119F4500F00DDB9EC /* light.h */,
				74841B0D19ED46EF0096AF82 /* camera.h */,
				74841B0E19ED46EF0096AF82 /* core.h */,
				74841B0F19ED46EF0096AF82 /* entity.h */,
				74841B1019ED46EF0096AF82 /* game.h */,
				74841B1119ED46EF0096AF82 /* input.h */,
				74841B1319ED46EF0096AF82 /* logfile.h */,
				74841B1419ED46EF0096AF82 /* mymath.h */,
				74841B1519ED46EF0096AF82 /* referencecounter.h */,
				74841B1619ED46EF0096AF82 /* shader.h */,
				74841B1719ED46EF0096AF82 /* stb_image.h */,
				74841B1819ED46EF0096AF82 /* texture.h */,
				74841B1919ED46EF0096AF82 /* timing.h */,
				74841B1A19ED46EF0096AF82 /* util.h */,
				74841B1B19ED46EF0096AF82 /* window.h */,
			);
			name = include;
			sourceTree = "<group>";
		};
		74841B0519ED460F0096AF82 /* src */ = {
			isa = PBXGroup;
			children = (
				74C98A1519F56D1E006ED472 /* main.cpp */,
				74841B1C19ED47050096AF82 /* stb_image.c */,
				74841B1D19ED47050096AF82 /* camera.cpp */,
				74841B1E19ED47050096AF82 /* core.cpp */,
				74841B1F19ED47050096AF82 /* game.cpp */,
				74841B2019ED47050096AF82 /* input.cpp */,
				74841B2119ED47050096AF82 /* logfile.cpp */,
				74841B2219ED47050096AF82 /* shader.cpp */,
				74841B2319ED47050096AF82 /* texture.cpp */,
				74841B2419ED47050096AF82 /* timing.cpp */,
				74841B2519ED47050096AF82 /* util.cpp */,
				74841B2619ED47050096AF82 /* window.cpp */,
			);
			name = src;
			sourceTree = "<group>";
		};
		74841B3219ED48E40096AF82 /* res */ = {
			isa = PBXGroup;
			children = (
				74841B3319ED48E40096AF82 /* shaders */,
				74841B3A19ED48E40096AF82 /* textures */,
			);
			path = res;
			sourceTree = "<group>";
		};
		74841B3319ED48E40096AF82 /* shaders */ = {
			isa = PBXGroup;
			children = (
				74841B3419ED48E40096AF82 /* ambient_shader_fs.glsl */,
				74841B3519ED48E40096AF82 /* ambient_shader_vs.glsl */,
				74841B3619ED48E40096AF82 /* basic_shader_fs.glsl */,
				74841B3719ED48E40096AF82 /* basic_shader_vs.glsl */,
				74841B3819ED48E40096AF82 /* point_light_fs.glsl */,
				74841B3919ED48E40096AF82 /* point_light_vs.glsl */,
			);
			path = shaders;
			sourceTree = "<group>";
		};
		74841B3A19ED48E40096AF82 /* textures */ = {
			isa = PBXGroup;
			children = (
				74841B3B19ED48E40096AF82 /* black.png */,
				74841B3C19ED48E40096AF82 /* default_normal.jpg */,
				74841B3D19ED48E40096AF82 /* defaultTexture.png */,
				74841B3E19ED48E40096AF82 /* rock.png */,
				74841B3F19ED48E40096AF82 /* rock_n.png */,
				74841B4019ED48E40096AF82 /* white.png */,
			);
			path = textures;
			sourceTree = "<group>";
		};
		74C98A1219F56B4B006ED472 /* Supporting Files */ = {
			isa = PBXGroup;
			children = (
				74C98A1319F56B69006ED472 /* ZEGL-Info.plist */,
			);
			name = "Supporting Files";
			sourceTree = "<group>";
		};
/* End PBXGroup section */

/* Begin PBXNativeTarget section */
		74841AF819ED460F0096AF82 /* ZEGL */ = {
			isa = PBXNativeTarget;
			buildConfigurationList = 74841B0A19ED460F0096AF82 /* Build configuration list for PBXNativeTarget "ZEGL" */;
			buildPhases = (
				74841AF419ED460F0096AF82 /* Sources */,
				74841AF519ED460F0096AF82 /* Frameworks */,
				74841AF619ED460F0096AF82 /* Resources */,
				74841AF719ED460F0096AF82 /* CopyFiles */,
				74841B5419ED69E20096AF82 /* CopyFiles */,
				74841B5B19ED6A1E0096AF82 /* CopyFiles */,
			);
			buildRules = (
			);
			dependencies = (
			);
			name = ZEGL;
			productName = ZEGL;
			productReference = 74841AF919ED460F0096AF82 /* ZEGL.app */;
			productType = "com.apple.product-type.application";
		};
/* End PBXNativeTarget section */

/* Begin PBXProject section */
		74841AF019ED460F0096AF82 /* Project object */ = {
			isa = PBXProject;
			attributes = {
				LastUpgradeCheck = 0600;
				ORGANIZATIONNAME = galacticthief;
				TargetAttributes = {
					74841AF819ED460F0096AF82 = {
						CreatedOnToolsVersion = 6.0.1;
					};
				};
			};
			buildConfigurationList = 74841AF319ED460F0096AF82 /* Build configuration list for PBXProject "ZEGL" */;
			compatibilityVersion = "Xcode 3.2";
			developmentRegion = English;
			hasScannedForEncodings = 0;
			knownRegions = (
				en,
			);
			mainGroup = 74841AEF19ED460F0096AF82;
			productRefGroup = 74841AFA19ED460F0096AF82 /* Products */;
			projectDirPath = "";
			projectRoot = "";
			targets = (
				74841AF819ED460F0096AF82 /* ZEGL */,
			);
		};
/* End PBXProject section */

/* Begin PBXResourcesBuildPhase section */
		74841AF619ED460F0096AF82 /* Resources */ = {
			isa = PBXResourcesBuildPhase;
			buildActionMask = 2147483647;
			files = (
				74C98A1419F56B69006ED472 /* ZEGL-Info.plist in Resources */,
			);
			runOnlyForDeploymentPostprocessing = 0;
		};
/* End PBXResourcesBuildPhase section */

/* Begin PBXSourcesBuildPhase section */
		74841AF419ED460F0096AF82 /* Sources */ = {
			isa = PBXSourcesBuildPhase;
			buildActionMask = 2147483647;
			files = (
				74841B2819ED47050096AF82 /* camera.cpp in Sources */,
				74841B2D19ED47050096AF82 /* shader.cpp in Sources */,
				74C98A1619F56D1E006ED472 /* main.cpp in Sources */,
				74841B3119ED47050096AF82 /* window.cpp in Sources */,
				74841B2F19ED47050096AF82 /* timing.cpp in Sources */,
				74841B3019ED47050096AF82 /* util.cpp in Sources */,
				74841B2E19ED47050096AF82 /* texture.cpp in Sources */,
				74841B2B19ED47050096AF82 /* input.cpp in Sources */,
				74841B2919ED47050096AF82 /* core.cpp in Sources */,
				74841B2C19ED47050096AF82 /* logfile.cpp in Sources */,
				74841B2A19ED47050096AF82 /* game.cpp in Sources */,
				74841B2719ED47050096AF82 /* stb_image.c in Sources */,
			);
			runOnlyForDeploymentPostprocessing = 0;
		};
/* End PBXSourcesBuildPhase section */

/* Begin XCBuildConfiguration section */
		74841B0819ED460F0096AF82 /* Debug */ = {
			isa = XCBuildConfiguration;
			buildSettings = {
				ALWAYS_SEARCH_USER_PATHS = NO;
				ARCHS = "$(ARCHS_STANDARD_64_BIT)";
				CLANG_CXX_LANGUAGE_STANDARD = "gnu++0x";
				CLANG_CXX_LIBRARY = "libc++";
				CLANG_ENABLE_MODULES = YES;
				CLANG_ENABLE_OBJC_ARC = YES;
				CLANG_WARN_BOOL_CONVERSION = YES;
				CLANG_WARN_CONSTANT_CONVERSION = YES;
				CLANG_WARN_DIRECT_OBJC_ISA_USAGE = YES_ERROR;
				CLANG_WARN_EMPTY_BODY = YES;
				CLANG_WARN_ENUM_CONVERSION = YES;
				CLANG_WARN_INT_CONVERSION = YES;
				CLANG_WARN_OBJC_ROOT_CLASS = YES_ERROR;
				CLANG_WARN_UNREACHABLE_CODE = YES;
				CLANG_WARN__DUPLICATE_METHOD_MATCH = YES;
				COPY_PHASE_STRIP = NO;
				ENABLE_STRICT_OBJC_MSGSEND = YES;
				GCC_C_LANGUAGE_STANDARD = gnu99;
				GCC_DYNAMIC_NO_PIC = NO;
				GCC_ENABLE_OBJC_EXCEPTIONS = YES;
				GCC_OPTIMIZATION_LEVEL = 0;
				GCC_PREPROCESSOR_DEFINITIONS = (
					"DEBUG=1",
					"$(inherited)",
				);
				GCC_SYMBOLS_PRIVATE_EXTERN = NO;
				GCC_WARN_64_TO_32_BIT_CONVERSION = YES;
				GCC_WARN_ABOUT_RETURN_TYPE = YES_ERROR;
				GCC_WARN_UNDECLARED_SELECTOR = YES;
				GCC_WARN_UNINITIALIZED_AUTOS = YES_AGGRESSIVE;
				GCC_WARN_UNUSED_FUNCTION = YES;
				GCC_WARN_UNUSED_VARIABLE = YES;
				MACOSX_DEPLOYMENT_TARGET = 10.9;
				MTL_ENABLE_DEBUG_INFO = YES;
				ONLY_ACTIVE_ARCH = YES;
				SDKROOT = macosx;
			};
			name = Debug;
		};
		74841B0919ED460F0096AF82 /* Release */ = {
			isa = XCBuildConfiguration;
			buildSettings = {
				ALWAYS_SEARCH_USER_PATHS = NO;
				ARCHS = "$(ARCHS_STANDARD_64_BIT)";
				CLANG_CXX_LANGUAGE_STANDARD = "gnu++0x";
				CLANG_CXX_LIBRARY = "libc++";
				CLANG_ENABLE_MODULES = YES;
				CLANG_ENABLE_OBJC_ARC = YES;
				CLANG_WARN_BOOL_CONVERSION = YES;
				CLANG_WARN_CONSTANT_CONVERSION = YES;
				CLANG_WARN_DIRECT_OBJC_ISA_USAGE = YES_ERROR;
				CLANG_WARN_EMPTY_BODY = YES;
				CLANG_WARN_ENUM_CONVERSION = YES;
				CLANG_WARN_INT_CONVERSION = YES;
				CLANG_WARN_OBJC_ROOT_CLASS = YES_ERROR;
				CLANG_WARN_UNREACHABLE_CODE = YES;
				CLANG_WARN__DUPLICATE_METHOD_MATCH = YES;
				COPY_PHASE_STRIP = YES;
				DEBUG_INFORMATION_FORMAT = "dwarf-with-dsym";
				ENABLE_NS_ASSERTIONS = NO;
				ENABLE_STRICT_OBJC_MSGSEND = YES;
				GCC_C_LANGUAGE_STANDARD = gnu99;
				GCC_ENABLE_OBJC_EXCEPTIONS = YES;
				GCC_WARN_64_TO_32_BIT_CONVERSION = YES;
				GCC_WARN_ABOUT_RETURN_TYPE = YES_ERROR;
				GCC_WARN_UNDECLARED_SELECTOR = YES;
				GCC_WARN_UNINITIALIZED_AUTOS = YES_AGGRESSIVE;
				GCC_WARN_UNUSED_FUNCTION = YES;
				GCC_WARN_UNUSED_VARIABLE = YES;
				MACOSX_DEPLOYMENT_TARGET = 10.9;
				MTL_ENABLE_DEBUG_INFO = NO;
				SDKROOT = macosx;
			};
			name = Release;
		};
		74841B0B19ED460F0096AF82 /* Debug */ = {
			isa = XCBuildConfiguration;
			buildSettings = {
				FRAMEWORK_SEARCH_PATHS = (
					/Library/Frameworks,
					"$(LOCAL_LIBRARY_DIR)/Frameworks",
					"$(PROJECT_DIR)/ZEGL/include",
				);
				HEADER_SEARCH_PATHS = (
					/usr/include,
					/usr/local/include,
				);
				INFOPLIST_FILE = "ZEGL/ZEGL-info.plist";
				LD_RUNPATH_SEARCH_PATHS = "@executable_path/../Frameworks";
				LIBRARY_SEARCH_PATHS = (
					/usr/lib,
					/usr/local/Cellar/glew/1.11.0/lib,
					"$(PROJECT_DIR)/ZEGL/lib",
				);
				OTHER_LDFLAGS = "";
				PRODUCT_NAME = "$(TARGET_NAME)";
				SDKROOT = macosx;
				USER_HEADER_SEARCH_PATHS = "";
			};
			name = Debug;
		};
		74841B0C19ED460F0096AF82 /* Release */ = {
			isa = XCBuildConfiguration;
			buildSettings = {
				FRAMEWORK_SEARCH_PATHS = (
					/Library/Frameworks,
					"$(LOCAL_LIBRARY_DIR)/Frameworks",
					"$(PROJECT_DIR)/ZEGL/include",
				);
				HEADER_SEARCH_PATHS = (
					/usr/include,
					/usr/local/include,
				);
				INFOPLIST_FILE = "ZEGL/ZEGL-info.plist";
				LD_RUNPATH_SEARCH_PATHS = "@executable_path/../Frameworks";
				LIBRARY_SEARCH_PATHS = (
					/usr/lib,
					/usr/local/Cellar/glew/1.11.0/lib,
					"$(PROJECT_DIR)/ZEGL/lib",
				);
				OTHER_LDFLAGS = "";
				PRODUCT_NAME = "$(TARGET_NAME)";
				SDKROOT = macosx;
				USER_HEADER_SEARCH_PATHS = "";
			};
			name = Release;
		};
/* End XCBuildConfiguration section */

/* Begin XCConfigurationList section */
		74841AF319ED460F0096AF82 /* Build configuration list for PBXProject "ZEGL" */ = {
			isa = XCConfigurationList;
			buildConfigurations = (
				74841B0819ED460F0096AF82 /* Debug */,
				74841B0919ED460F0096AF82 /* Release */,
			);
			defaultConfigurationIsVisible = 0;
			defaultConfigurationName = Release;
		};
		74841B0A19ED460F0096AF82 /* Build configuration list for PBXNativeTarget "ZEGL" */ = {
			isa = XCConfigurationList;
			buildConfigurations = (
				74841B0B19ED460F0096AF82 /* Debug */,
				74841B0C19ED460F0096AF82 /* Release */,
			);
			defaultConfigurationIsVisible = 0;
			defaultConfigurationName = Release;
		};
/* End XCConfigurationList section */
	};
	rootObject = 74841AF019ED460F0096AF82 /* Project object */;
}
