<?xml version="1.0" encoding="utf-8"?>
<Project ToolsVersion="4.0" xmlns="http://schemas.microsoft.com/developer/msbuild/2003">
  <ItemGroup>
    <Filter Include="src">
      <UniqueIdentifier>{4FC737F1-C7A5-4376-A066-2A32D752A2FF}</UniqueIdentifier>
      <Extensions>cpp;c;cc;cxx;def;odl;idl;hpj;bat;asm;asmx</Extensions>
    </Filter>
    <Filter Include="include">
      <UniqueIdentifier>{93995380-89BD-4b04-88EB-625FBE52EBFB}</UniqueIdentifier>
      <Extensions>h;hh;hpp;hxx;hm;inl;inc;xsd</Extensions>
    </Filter>
    <Filter Include="res">
      <UniqueIdentifier>{67DA6AB6-F800-4c08-8B7A-83BB121AAD01}</UniqueIdentifier>
      <Extensions>rc;ico;cur;bmp;dlg;rc2;rct;bin;rgs;gif;jpg;jpeg;jpe;resx;tiff;tif;png;wav;mfcribbon-ms</Extensions>
    </Filter>
    <Filter Include="res\shaders">
      <UniqueIdentifier>{95514c89-2817-41c1-a1d6-8a57a44b0899}</UniqueIdentifier>
    </Filter>
    <Filter Include="res\textures">
      <UniqueIdentifier>{b78ba35d-b7d3-42b3-9ab7-eec8358d8906}</UniqueIdentifier>
    </Filter>
    <Filter Include="res\levels">
      <UniqueIdentifier>{2b6ce50b-9958-4898-90d0-9d4893d9f515}</UniqueIdentifier>
    </Filter>
    <Filter Include="res\fonts">
      <UniqueIdentifier>{bba54172-4ea2-42df-9bb2-242e23a614f2}</UniqueIdentifier>
    </Filter>
    <Filter Include="documentation">
      <UniqueIdentifier>{84ae21b2-dfe5-41d5-bd60-156bfb762017}</UniqueIdentifier>
    </Filter>
    <Filter Include="res\sound">
      <UniqueIdentifier>{ba8cb758-c446-40ce-9e71-df3e62cdaffd}</UniqueIdentifier>
    </Filter>
    <Filter Include="res\sound\music">
      <UniqueIdentifier>{48ef4383-09dd-43b8-9e5b-5d2c9cbaf746}</UniqueIdentifier>
    </Filter>
    <Filter Include="res\sound\sfx">
      <UniqueIdentifier>{684fdf8e-007e-43f5-832d-e9c7a9413c4b}</UniqueIdentifier>
    </Filter>
  </ItemGroup>
  <ItemGroup>
    <ClCompile Include="src\camera.cpp">
      <Filter>src</Filter>
    </ClCompile>
    <ClCompile Include="src\core.cpp">
      <Filter>src</Filter>
    </ClCompile>
    <ClCompile Include="src\game.cpp">
      <Filter>src</Filter>
    </ClCompile>
    <ClCompile Include="src\input.cpp">
      <Filter>src</Filter>
    </ClCompile>
    <ClCompile Include="src\logger.cpp">
      <Filter>src</Filter>
    </ClCompile>
    <ClCompile Include="src\random.cpp">
      <Filter>src</Filter>
    </ClCompile>
    <ClCompile Include="src\system.cpp">
      <Filter>src</Filter>
    </ClCompile>
    <ClCompile Include="src\timing.cpp">
      <Filter>src</Filter>
    </ClCompile>
    <ClCompile Include="src\tinyxml2.cpp">
      <Filter>src</Filter>
    </ClCompile>
    <ClCompile Include="src\util.cpp">
      <Filter>src</Filter>
    </ClCompile>
    <ClCompile Include="src\window.cpp">
      <Filter>src</Filter>
    </ClCompile>
    <ClCompile Include="src\tilemap.cpp">
      <Filter>src</Filter>
    </ClCompile>
    <ClCompile Include="src\shader.cpp">
      <Filter>src</Filter>
    </ClCompile>
    <ClCompile Include="src\stb_image.c">
      <Filter>src</Filter>
    </ClCompile>
    <ClCompile Include="src\texture.cpp">
      <Filter>src</Filter>
    </ClCompile>
    <ClCompile Include="src\sprite.cpp">
      <Filter>src</Filter>
    </ClCompile>
    <ClCompile Include="src\render_entity.cpp">
      <Filter>src</Filter>
    </ClCompile>
    <ClCompile Include="src\texture_atlas.cpp">
      <Filter>src</Filter>
    </ClCompile>
    <ClCompile Include="src\sprite_batch.cpp">
      <Filter>src</Filter>
    </ClCompile>
    <ClCompile Include="src\animated_sprite.cpp">
      <Filter>src</Filter>
    </ClCompile>
    <ClCompile Include="src\audio.cpp">
      <Filter>src</Filter>
    </ClCompile>
  </ItemGroup>
  <ItemGroup>
    <ClInclude Include="include\doxygen.h">
      <Filter>documentation</Filter>
    </ClInclude>
    <ClInclude Include="include\ZEGL\animated_sprite.h">
      <Filter>include</Filter>
    </ClInclude>
    <ClInclude Include="include\ZEGL\audio.h">
      <Filter>include</Filter>
    </ClInclude>
    <ClInclude Include="include\ZEGL\camera.h">
      <Filter>include</Filter>
    </ClInclude>
    <ClInclude Include="include\ZEGL\core.h">
      <Filter>include</Filter>
    </ClInclude>
    <ClInclude Include="include\ZEGL\doxygen.h">
      <Filter>include</Filter>
    </ClInclude>
    <ClInclude Include="include\ZEGL\entity.h">
      <Filter>include</Filter>
    </ClInclude>
    <ClInclude Include="include\ZEGL\game.h">
      <Filter>include</Filter>
    </ClInclude>
    <ClInclude Include="include\ZEGL\input.h">
      <Filter>include</Filter>
    </ClInclude>
    <ClInclude Include="include\ZEGL\light.h">
      <Filter>include</Filter>
    </ClInclude>
    <ClInclude Include="include\ZEGL\logger.h">
      <Filter>include</Filter>
    </ClInclude>
    <ClInclude Include="include\ZEGL\platform.h">
      <Filter>include</Filter>
    </ClInclude>
    <ClInclude Include="include\ZEGL\random.h">
      <Filter>include</Filter>
    </ClInclude>
    <ClInclude Include="include\ZEGL\reference_counter.h">
      <Filter>include</Filter>
    </ClInclude>
    <ClInclude Include="include\ZEGL\render_entity.h">
      <Filter>include</Filter>
    </ClInclude>
    <ClInclude Include="include\ZEGL\shader.h">
      <Filter>include</Filter>
    </ClInclude>
    <ClInclude Include="include\ZEGL\sprite.h">
      <Filter>include</Filter>
    </ClInclude>
    <ClInclude Include="include\ZEGL\sprite_batch.h">
      <Filter>include</Filter>
    </ClInclude>
    <ClInclude Include="include\ZEGL\stb_image.h">
      <Filter>include</Filter>
    </ClInclude>
    <ClInclude Include="include\ZEGL\stdafx.h">
      <Filter>include</Filter>
    </ClInclude>
    <ClInclude Include="include\ZEGL\system.h">
      <Filter>include</Filter>
    </ClInclude>
    <ClInclude Include="include\ZEGL\texture.h">
      <Filter>include</Filter>
    </ClInclude>
    <ClInclude Include="include\ZEGL\texture_atlas.h">
      <Filter>include</Filter>
    </ClInclude>
    <ClInclude Include="include\ZEGL\tile.h">
      <Filter>include</Filter>
    </ClInclude>
    <ClInclude Include="include\ZEGL\tilemap.h">
      <Filter>include</Filter>
    </ClInclude>
    <ClInclude Include="include\ZEGL\timing.h">
      <Filter>include</Filter>
    </ClInclude>
    <ClInclude Include="include\ZEGL\tinyxml2.h">
      <Filter>include</Filter>
    </ClInclude>
    <ClInclude Include="include\ZEGL\util.h">
      <Filter>include</Filter>
    </ClInclude>
    <ClInclude Include="include\ZEGL\window.h">
      <Filter>include</Filter>
    </ClInclude>
    <ClInclude Include="include\ZEGL\ZEGL.h">
      <Filter>include</Filter>
    </ClInclude>
  </ItemGroup>
  <ItemGroup>
    <None Include="res\shaders\basic_shader_vs.glsl">
      <Filter>res\shaders</Filter>
    </None>
    <None Include="res\shaders\basic_shader_fs.glsl">
      <Filter>res\shaders</Filter>
    </None>
    <None Include="res\shaders\point_light_fs.glsl">
      <Filter>res\shaders</Filter>
    </None>
    <None Include="res\shaders\point_light_vs.glsl">
      <Filter>res\shaders</Filter>
    </None>
    <None Include="res\levels\test_level.ldf.tdef">
      <Filter>res\levels</Filter>
    </None>
    <None Include="res\levels\test_level.ldf">
      <Filter>res\levels</Filter>
    </None>
    <None Include="..\doxygen\default.doxyfile">
      <Filter>documentation</Filter>
    </None>
    <None Include="res\shaders\basic_sprite_fs.glsl">
      <Filter>res\shaders</Filter>
    </None>
    <None Include="res\shaders\basic_sprite_vs.glsl">
      <Filter>res\shaders</Filter>
    </None>
  </ItemGroup>
  <ItemGroup>
    <Image Include="res\textures\rock.png">
      <Filter>res\textures</Filter>
    </Image>
    <Image Include="res\textures\rock_n.png">
      <Filter>res\textures</Filter>
    </Image>
    <Image Include="res\textures\default.png">
      <Filter>res\textures</Filter>
    </Image>
    <Image Include="res\textures\default_n.png">
      <Filter>res\textures</Filter>
    </Image>
    <Image Include="res\textures\gb.png">
      <Filter>res\textures</Filter>
    </Image>
  </ItemGroup>
  <ItemGroup>
    <Xml Include="res\textures\test_atlas.xml">
      <Filter>res\textures</Filter>
    </Xml>
    <Xml Include="res\textures\default_atlas.xml">
      <Filter>res\textures</Filter>
    </Xml>
    <Xml Include="res\textures\gb.xml">
      <Filter>res\textures</Filter>
    </Xml>
  </ItemGroup>
  <ItemGroup>
    <Font Include="res\fonts\DroidSerif-Regular.ttf">
      <Filter>res\fonts</Filter>
    </Font>
  </ItemGroup>
  <ItemGroup>
    <Media Include="res\sound\music\MI_Intro.mp3">
      <Filter>res\sound\music</Filter>
    </Media>
  </ItemGroup>
</Project>